
Microsoft Visual Studio Solution File, Format Version 12.00
# Visual Studio 15
VisualStudioVersion = 15.0.28307.1062
MinimumVisualStudioVersion = 10.0.40219.1
Project("{FAE04EC0-301F-11D3-BF4B-00C04F79EFBC}") = "WPF_PressureDrop", "WPF_PressureDrop\WPF_PressureDrop.csproj", "{DBEB88D6-C194-4204-9367-779B6BE18A78}"
EndProject
Global
	GlobalSection(SolutionConfigurationPlatforms) = preSolution
		Debug|Any CPU = Debug|Any CPU
		Release|Any CPU = Release|Any CPU
	EndGlobalSection
	GlobalSection(ProjectConfigurationPlatforms) = postSolution
		{DBEB88D6-C194-4204-9367-779B6BE18A78}.Debug|Any CPU.ActiveCfg = Debug|Any CPU
		{DBEB88D6-C194-4204-9367-779B6BE18A78}.Debug|Any CPU.Build.0 = Debug|Any CPU
		{DBEB88D6-C194-4204-9367-779B6BE18A78}.Release|Any CPU.ActiveCfg = Release|Any CPU
		{DBEB88D6-C194-4204-9367-779B6BE18A78}.Release|Any CPU.Build.0 = Release|Any CPU
	EndGlobalSection
	GlobalSection(SolutionProperties) = preSolution
		HideSolutionNode = FALSE
	EndGlobalSection
	GlobalSection(ExtensibilityGlobals) = postSolution
		SolutionGuid = {7D0138E8-DE3A-4C69-8E0C-AAAB5B39A9CD}
	EndGlobalSection
EndGlobal
